
Microsoft Visual Studio Solution File, Format Version 12.00
# Visual Studio Version 17
VisualStudioVersion = 17.14.36221.1 d17.14
MinimumVisualStudioVersion = 10.0.40219.1
Project("{FAE04EC0-301F-11D3-BF4B-00C04F79EFBC}") = "FinanceApp", "FinanceApp\FinanceApp.csproj", "{913C81D9-F7BC-4CDD-BA74-1C5610BCAF98}"
EndProject
Global
	GlobalSection(SolutionConfigurationPlatforms) = preSolution
		Debug|Any CPU = Debug|Any CPU
		Release|Any CPU = Release|Any CPU
	EndGlobalSection
	GlobalSection(ProjectConfigurationPlatforms) = postSolution
		{913C81D9-F7BC-4CDD-BA74-1C5610BCAF98}.Debug|Any CPU.ActiveCfg = Debug|Any CPU
		{913C81D9-F7BC-4CDD-BA74-1C5610BCAF98}.Debug|Any CPU.Build.0 = Debug|Any CPU
		{913C81D9-F7BC-4CDD-BA74-1C5610BCAF98}.Release|Any CPU.ActiveCfg = Release|Any CPU
		{913C81D9-F7BC-4CDD-BA74-1C5610BCAF98}.Release|Any CPU.Build.0 = Release|Any CPU
	EndGlobalSection
	GlobalSection(SolutionProperties) = preSolution
		HideSolutionNode = FALSE
	EndGlobalSection
	GlobalSection(ExtensibilityGlobals) = postSolution
		SolutionGuid = {F628D828-7319-42EB-A394-1382F07F8893}
	EndGlobalSection
EndGlobal
